
Microsoft Visual Studio Solution File, Format Version 12.00
# Visual Studio Version 16
VisualStudioVersion = 16.0.28803.202
MinimumVisualStudioVersion = 10.0.40219.1
Project("{8BC9CEB8-8B4A-11D0-8D11-00A0C91BC942}") = "Chisl_methods_1", "Chisl_methods_1\Chisl_methods_1.vcxproj", "{2CA57921-A62D-4C9E-A629-3B498414B415}"
EndProject
Global
	GlobalSection(SolutionConfigurationPlatforms) = preSolution
		Debug|x64 = Debug|x64
		Debug|x86 = Debug|x86
		Release|x64 = Release|x64
		Release|x86 = Release|x86
	EndGlobalSection
	GlobalSection(ProjectConfigurationPlatforms) = postSolution
		{2CA57921-A62D-4C9E-A629-3B498414B415}.Debug|x64.ActiveCfg = Debug|x64
		{2CA57921-A62D-4C9E-A629-3B498414B415}.Debug|x64.Build.0 = Debug|x64
		{2CA57921-A62D-4C9E-A629-3B498414B415}.Debug|x86.ActiveCfg = Debug|Win32
		{2CA57921-A62D-4C9E-A629-3B498414B415}.Debug|x86.Build.0 = Debug|Win32
		{2CA57921-A62D-4C9E-A629-3B498414B415}.Release|x64.ActiveCfg = Release|x64
		{2CA57921-A62D-4C9E-A629-3B498414B415}.Release|x64.Build.0 = Release|x64
		{2CA57921-A62D-4C9E-A629-3B498414B415}.Release|x86.ActiveCfg = Release|Win32
		{2CA57921-A62D-4C9E-A629-3B498414B415}.Release|x86.Build.0 = Release|Win32
	EndGlobalSection
	GlobalSection(SolutionProperties) = preSolution
		HideSolutionNode = FALSE
	EndGlobalSection
	GlobalSection(ExtensibilityGlobals) = postSolution
		SolutionGuid = {F88B9D33-73A1-41F4-BAC0-177A53D4CE92}
	EndGlobalSection
EndGlobal
